
Microsoft Visual Studio Solution File, Format Version 12.00
# Visual Studio 15
VisualStudioVersion = 15.0.28010.0
MinimumVisualStudioVersion = 10.0.40219.1
Project("{FAE04EC0-301F-11D3-BF4B-00C04F79EFBC}") = "Villainy", "Villainy\Villainy.csproj", "{F340297A-45C5-4363-9D5C-F6043890B97D}"
EndProject
Global
	GlobalSection(SolutionConfigurationPlatforms) = preSolution
		Debug|Any CPU = Debug|Any CPU
		Release|Any CPU = Release|Any CPU
	EndGlobalSection
	GlobalSection(ProjectConfigurationPlatforms) = postSolution
		{F340297A-45C5-4363-9D5C-F6043890B97D}.Debug|Any CPU.ActiveCfg = Debug|Any CPU
		{F340297A-45C5-4363-9D5C-F6043890B97D}.Debug|Any CPU.Build.0 = Debug|Any CPU
		{F340297A-45C5-4363-9D5C-F6043890B97D}.Release|Any CPU.ActiveCfg = Release|Any CPU
		{F340297A-45C5-4363-9D5C-F6043890B97D}.Release|Any CPU.Build.0 = Release|Any CPU
	EndGlobalSection
	GlobalSection(SolutionProperties) = preSolution
		HideSolutionNode = FALSE
	EndGlobalSection
	GlobalSection(ExtensibilityGlobals) = postSolution
		SolutionGuid = {EC6EEDF0-867D-4326-AEF6-9BFF6BAEF8B8}
	EndGlobalSection
EndGlobal
